
Microsoft Visual Studio Solution File, Format Version 12.00
# Visual Studio Version 17
VisualStudioVersion = 17.5.33414.496
MinimumVisualStudioVersion = 10.0.40219.1
Project("{9A19103F-16F7-4668-BE54-9A1E7A4F7556}") = "10.Common", "Common\10.Common.csproj", "{02DC33B0-AB69-4C6B-A306-3627A920574B}"
EndProject
Project("{9A19103F-16F7-4668-BE54-9A1E7A4F7556}") = "30.Services", "Services\30.Services.csproj", "{95F812A4-25C0-4606-BCD6-99AD264A8050}"
EndProject
Project("{9A19103F-16F7-4668-BE54-9A1E7A4F7556}") = "40.Application", "Application\40.Application.csproj", "{DD8597F5-D494-4873-8B9A-7EBAD55AD3D8}"
EndProject
Project("{2150E333-8FDC-42A3-9474-1A3956D46DE8}") = "Main", "Main", "{BC5CCACF-8F6C-424F-B112-9D28E8270E19}"
EndProject
Project("{2150E333-8FDC-42A3-9474-1A3956D46DE8}") = "Tests", "Tests", "{1E1C188E-89DC-4512-B4A7-3DEEE26998B5}"
EndProject
Project("{9A19103F-16F7-4668-BE54-9A1E7A4F7556}") = "10.Common.UnitTests", "Common.UnitTests\10.Common.UnitTests.csproj", "{979FF7F0-4007-4209-BB3F-C406CA4FFD73}"
EndProject
Project("{9A19103F-16F7-4668-BE54-9A1E7A4F7556}") = "30.Services.UnitTests", "Services.UnitTests\30.Services.UnitTests.csproj", "{B26A75E1-3256-4914-8D65-20B1DD868AB1}"
EndProject
Project("{9A19103F-16F7-4668-BE54-9A1E7A4F7556}") = "40.Application.UnitTests", "Application.UnitTests\40.Application.UnitTests.csproj", "{3B82B15C-955C-4733-B0B1-F7A7532404C5}"
EndProject
Project("{9A19103F-16F7-4668-BE54-9A1E7A4F7556}") = "45.Application.IntegrationTests", "Application.IntegrationTests\45.Application.IntegrationTests.csproj", "{529CAE3D-125C-47DA-B749-8694E97D3E60}"
EndProject
Project("{9A19103F-16F7-4668-BE54-9A1E7A4F7556}") = "20.Systems", "Systems\20.Systems.csproj", "{61DA30EB-0239-4608-86D0-BCD1C316BBB4}"
EndProject
Project("{9A19103F-16F7-4668-BE54-9A1E7A4F7556}") = "20.Systems.UnitTests", "Systems.UnitTests\20.Systems.UnitTests.csproj", "{0B000325-55F7-46FA-B66A-8365F804ED27}"
EndProject
Global
	GlobalSection(SolutionConfigurationPlatforms) = preSolution
		Debug|Any CPU = Debug|Any CPU
		Release|Any CPU = Release|Any CPU
	EndGlobalSection
	GlobalSection(ProjectConfigurationPlatforms) = postSolution
		{02DC33B0-AB69-4C6B-A306-3627A920574B}.Debug|Any CPU.ActiveCfg = Debug|Any CPU
		{02DC33B0-AB69-4C6B-A306-3627A920574B}.Debug|Any CPU.Build.0 = Debug|Any CPU
		{02DC33B0-AB69-4C6B-A306-3627A920574B}.Release|Any CPU.ActiveCfg = Release|Any CPU
		{02DC33B0-AB69-4C6B-A306-3627A920574B}.Release|Any CPU.Build.0 = Release|Any CPU
		{95F812A4-25C0-4606-BCD6-99AD264A8050}.Debug|Any CPU.ActiveCfg = Debug|Any CPU
		{95F812A4-25C0-4606-BCD6-99AD264A8050}.Debug|Any CPU.Build.0 = Debug|Any CPU
		{95F812A4-25C0-4606-BCD6-99AD264A8050}.Release|Any CPU.ActiveCfg = Release|Any CPU
		{95F812A4-25C0-4606-BCD6-99AD264A8050}.Release|Any CPU.Build.0 = Release|Any CPU
		{DD8597F5-D494-4873-8B9A-7EBAD55AD3D8}.Debug|Any CPU.ActiveCfg = Debug|Any CPU
		{DD8597F5-D494-4873-8B9A-7EBAD55AD3D8}.Debug|Any CPU.Build.0 = Debug|Any CPU
		{DD8597F5-D494-4873-8B9A-7EBAD55AD3D8}.Release|Any CPU.ActiveCfg = Release|Any CPU
		{DD8597F5-D494-4873-8B9A-7EBAD55AD3D8}.Release|Any CPU.Build.0 = Release|Any CPU
		{979FF7F0-4007-4209-BB3F-C406CA4FFD73}.Debug|Any CPU.ActiveCfg = Debug|Any CPU
		{979FF7F0-4007-4209-BB3F-C406CA4FFD73}.Debug|Any CPU.Build.0 = Debug|Any CPU
		{979FF7F0-4007-4209-BB3F-C406CA4FFD73}.Release|Any CPU.ActiveCfg = Release|Any CPU
		{979FF7F0-4007-4209-BB3F-C406CA4FFD73}.Release|Any CPU.Build.0 = Release|Any CPU
		{B26A75E1-3256-4914-8D65-20B1DD868AB1}.Debug|Any CPU.ActiveCfg = Debug|Any CPU
		{B26A75E1-3256-4914-8D65-20B1DD868AB1}.Debug|Any CPU.Build.0 = Debug|Any CPU
		{B26A75E1-3256-4914-8D65-20B1DD868AB1}.Release|Any CPU.ActiveCfg = Release|Any CPU
		{B26A75E1-3256-4914-8D65-20B1DD868AB1}.Release|Any CPU.Build.0 = Release|Any CPU
		{3B82B15C-955C-4733-B0B1-F7A7532404C5}.Debug|Any CPU.ActiveCfg = Debug|Any CPU
		{3B82B15C-955C-4733-B0B1-F7A7532404C5}.Debug|Any CPU.Build.0 = Debug|Any CPU
		{3B82B15C-955C-4733-B0B1-F7A7532404C5}.Release|Any CPU.ActiveCfg = Release|Any CPU
		{3B82B15C-955C-4733-B0B1-F7A7532404C5}.Release|Any CPU.Build.0 = Release|Any CPU
		{529CAE3D-125C-47DA-B749-8694E97D3E60}.Debug|Any CPU.ActiveCfg = Debug|Any CPU
		{529CAE3D-125C-47DA-B749-8694E97D3E60}.Debug|Any CPU.Build.0 = Debug|Any CPU
		{529CAE3D-125C-47DA-B749-8694E97D3E60}.Release|Any CPU.ActiveCfg = Release|Any CPU
		{529CAE3D-125C-47DA-B749-8694E97D3E60}.Release|Any CPU.Build.0 = Release|Any CPU
		{61DA30EB-0239-4608-86D0-BCD1C316BBB4}.Debug|Any CPU.ActiveCfg = Debug|Any CPU
		{61DA30EB-0239-4608-86D0-BCD1C316BBB4}.Debug|Any CPU.Build.0 = Debug|Any CPU
		{61DA30EB-0239-4608-86D0-BCD1C316BBB4}.Release|Any CPU.ActiveCfg = Release|Any CPU
		{61DA30EB-0239-4608-86D0-BCD1C316BBB4}.Release|Any CPU.Build.0 = Release|Any CPU
		{0B000325-55F7-46FA-B66A-8365F804ED27}.Debug|Any CPU.ActiveCfg = Debug|Any CPU
		{0B000325-55F7-46FA-B66A-8365F804ED27}.Debug|Any CPU.Build.0 = Debug|Any CPU
		{0B000325-55F7-46FA-B66A-8365F804ED27}.Release|Any CPU.ActiveCfg = Release|Any CPU
		{0B000325-55F7-46FA-B66A-8365F804ED27}.Release|Any CPU.Build.0 = Release|Any CPU
	EndGlobalSection
	GlobalSection(SolutionProperties) = preSolution
		HideSolutionNode = FALSE
	EndGlobalSection
	GlobalSection(NestedProjects) = preSolution
		{02DC33B0-AB69-4C6B-A306-3627A920574B} = {BC5CCACF-8F6C-424F-B112-9D28E8270E19}
		{95F812A4-25C0-4606-BCD6-99AD264A8050} = {BC5CCACF-8F6C-424F-B112-9D28E8270E19}
		{DD8597F5-D494-4873-8B9A-7EBAD55AD3D8} = {BC5CCACF-8F6C-424F-B112-9D28E8270E19}
		{979FF7F0-4007-4209-BB3F-C406CA4FFD73} = {1E1C188E-89DC-4512-B4A7-3DEEE26998B5}
		{B26A75E1-3256-4914-8D65-20B1DD868AB1} = {1E1C188E-89DC-4512-B4A7-3DEEE26998B5}
		{3B82B15C-955C-4733-B0B1-F7A7532404C5} = {1E1C188E-89DC-4512-B4A7-3DEEE26998B5}
		{529CAE3D-125C-47DA-B749-8694E97D3E60} = {1E1C188E-89DC-4512-B4A7-3DEEE26998B5}
		{61DA30EB-0239-4608-86D0-BCD1C316BBB4} = {BC5CCACF-8F6C-424F-B112-9D28E8270E19}
		{0B000325-55F7-46FA-B66A-8365F804ED27} = {1E1C188E-89DC-4512-B4A7-3DEEE26998B5}
	EndGlobalSection
	GlobalSection(ExtensibilityGlobals) = postSolution
		SolutionGuid = {490FF7B2-1C6A-4C99-8EBE-69DC6F749D81}
	EndGlobalSection
EndGlobal
